// !$*UTF8*$!
{
	archiveVersion = 1;
	classes = {
	};
	objectVersion = 50;
	objects = {

/* Begin PBXBuildFile section */
		A2D36568236195C2003009AA /* player.swift in Sources */ = {isa = PBXBuildFile; fileRef = A2D36567236195C2003009AA /* player.swift */; };
		A2D3656A236195DA003009AA /* game.swift in Sources */ = {isa = PBXBuildFile; fileRef = A2D36569236195DA003009AA /* game.swift */; };
		A2FFEAE7235DF35200B2F9DA /* main.swift in Sources */ = {isa = PBXBuildFile; fileRef = A2FFEAE6235DF35200B2F9DA /* main.swift */; };
		A2FFEAEE235DF3CC00B2F9DA /* heros.swift in Sources */ = {isa = PBXBuildFile; fileRef = A2FFEAED235DF3CC00B2F9DA /* heros.swift */; };
		A2FFEAF0235DF3F400B2F9DA /* weapons.swift in Sources */ = {isa = PBXBuildFile; fileRef = A2FFEAEF235DF3F400B2F9DA /* weapons.swift */; };
/* End PBXBuildFile section */

/* Begin PBXCopyFilesBuildPhase section */
		A2FFEAE1235DF35200B2F9DA /* CopyFiles */ = {
			isa = PBXCopyFilesBuildPhase;
			buildActionMask = 2147483647;
			dstPath = /usr/share/man/man1/;
			dstSubfolderSpec = 0;
			files = (
			);
			runOnlyForDeploymentPostprocessing = 1;
		};
/* End PBXCopyFilesBuildPhase section */

/* Begin PBXFileReference section */
		A2D36567236195C2003009AA /* player.swift */ = {isa = PBXFileReference; lastKnownFileType = sourcecode.swift; path = player.swift; sourceTree = "<group>"; };
		A2D36569236195DA003009AA /* game.swift */ = {isa = PBXFileReference; lastKnownFileType = sourcecode.swift; path = game.swift; sourceTree = "<group>"; };
		A2FFEAE3235DF35200B2F9DA /* Projet3 */ = {isa = PBXFileReference; explicitFileType = "compiled.mach-o.executable"; includeInIndex = 0; path = Projet3; sourceTree = BUILT_PRODUCTS_DIR; };
		A2FFEAE6235DF35200B2F9DA /* main.swift */ = {isa = PBXFileReference; lastKnownFileType = sourcecode.swift; path = main.swift; sourceTree = "<group>"; };
		A2FFEAED235DF3CC00B2F9DA /* heros.swift */ = {isa = PBXFileReference; lastKnownFileType = sourcecode.swift; path = heros.swift; sourceTree = "<group>"; };
		A2FFEAEF235DF3F400B2F9DA /* weapons.swift */ = {isa = PBXFileReference; lastKnownFileType = sourcecode.swift; path = weapons.swift; sourceTree = "<group>"; };
/* End PBXFileReference section */

/* Begin PBXFrameworksBuildPhase section */
		A2FFEAE0235DF35200B2F9DA /* Frameworks */ = {
			isa = PBXFrameworksBuildPhase;
			buildActionMask = 2147483647;
			files = (
			);
			runOnlyForDeploymentPostprocessing = 0;
		};
/* End PBXFrameworksBuildPhase section */

/* Begin PBXGroup section */
		A2FFEADA235DF35200B2F9DA = {
			isa = PBXGroup;
			children = (
				A2FFEAE5235DF35200B2F9DA /* Projet3 */,
				A2FFEAE4235DF35200B2F9DA /* Products */,
			);
			sourceTree = "<group>";
		};
		A2FFEAE4235DF35200B2F9DA /* Products */ = {
			isa = PBXGroup;
			children = (
				A2FFEAE3235DF35200B2F9DA /* Projet3 */,
			);
			name = Products;
			sourceTree = "<group>";
		};
		A2FFEAE5235DF35200B2F9DA /* Projet3 */ = {
			isa = PBXGroup;
			children = (
				A2FFEAE6235DF35200B2F9DA /* main.swift */,
				A2FFEAED235DF3CC00B2F9DA /* heros.swift */,
				A2D36567236195C2003009AA /* player.swift */,
				A2D36569236195DA003009AA /* game.swift */,
				A2FFEAEF235DF3F400B2F9DA /* weapons.swift */,
			);
			path = Projet3;
			sourceTree = "<group>";
		};
/* End PBXGroup section */

/* Begin PBXNativeTarget section */
		A2FFEAE2235DF35200B2F9DA /* Projet3 */ = {
			isa = PBXNativeTarget;
			buildConfigurationList = A2FFEAEA235DF35200B2F9DA /* Build configuration list for PBXNativeTarget "Projet3" */;
			buildPhases = (
				A2FFEADF235DF35200B2F9DA /* Sources */,
				A2FFEAE0235DF35200B2F9DA /* Frameworks */,
				A2FFEAE1235DF35200B2F9DA /* CopyFiles */,
			);
			buildRules = (
			);
			dependencies = (
			);
			name = Projet3;
			productName = Projet3;
			productReference = A2FFEAE3235DF35200B2F9DA /* Projet3 */;
			productType = "com.apple.product-type.tool";
		};
/* End PBXNativeTarget section */

/* Begin PBXProject section */
		A2FFEADB235DF35200B2F9DA /* Project object */ = {
			isa = PBXProject;
			attributes = {
				LastSwiftUpdateCheck = 1110;
				LastUpgradeCheck = 1120;
				ORGANIZATIONNAME = "Vanessa Prigent";
				TargetAttributes = {
					A2FFEAE2235DF35200B2F9DA = {
						CreatedOnToolsVersion = 11.1;
					};
				};
			};
			buildConfigurationList = A2FFEADE235DF35200B2F9DA /* Build configuration list for PBXProject "Projet3" */;
			compatibilityVersion = "Xcode 9.3";
			developmentRegion = en;
			hasScannedForEncodings = 0;
			knownRegions = (
				en,
				Base,
			);
			mainGroup = A2FFEADA235DF35200B2F9DA;
			productRefGroup = A2FFEAE4235DF35200B2F9DA /* Products */;
			projectDirPath = "";
			projectRoot = "";
			targets = (
				A2FFEAE2235DF35200B2F9DA /* Projet3 */,
			);
		};
/* End PBXProject section */

/* Begin PBXSourcesBuildPhase section */
		A2FFEADF235DF35200B2F9DA /* Sources */ = {
			isa = PBXSourcesBuildPhase;
			buildActionMask = 2147483647;
			files = (
				A2D36568236195C2003009AA /* player.swift in Sources */,
				A2FFEAEE235DF3CC00B2F9DA /* heros.swift in Sources */,
				A2D3656A236195DA003009AA /* game.swift in Sources */,
				A2FFEAE7235DF35200B2F9DA /* main.swift in Sources */,
				A2FFEAF0235DF3F400B2F9DA /* weapons.swift in Sources */,
			);
			runOnlyForDeploymentPostprocessing = 0;
		};
/* End PBXSourcesBuildPhase section */

/* Begin XCBuildConfiguration section */
		A2FFEAE8235DF35200B2F9DA /* Debug */ = {
			isa = XCBuildConfiguration;
			buildSettings = {
				ALWAYS_SEARCH_USER_PATHS = NO;
				CLANG_ANALYZER_NONNULL = YES;
				CLANG_ANALYZER_NUMBER_OBJECT_CONVERSION = YES_AGGRESSIVE;
				CLANG_CXX_LANGUAGE_STANDARD = "gnu++14";
				CLANG_CXX_LIBRARY = "libc++";
				CLANG_ENABLE_MODULES = YES;
				CLANG_ENABLE_OBJC_ARC = YES;
				CLANG_ENABLE_OBJC_WEAK = YES;
				CLANG_WARN_BLOCK_CAPTURE_AUTORELEASING = YES;
				CLANG_WARN_BOOL_CONVERSION = YES;
				CLANG_WARN_COMMA = YES;
				CLANG_WARN_CONSTANT_CONVERSION = YES;
				CLANG_WARN_DEPRECATED_OBJC_IMPLEMENTATIONS = YES;
				CLANG_WARN_DIRECT_OBJC_ISA_USAGE = YES_ERROR;
				CLANG_WARN_DOCUMENTATION_COMMENTS = YES;
				CLANG_WARN_EMPTY_BODY = YES;
				CLANG_WARN_ENUM_CONVERSION = YES;
				CLANG_WARN_INFINITE_RECURSION = YES;
				CLANG_WARN_INT_CONVERSION = YES;
				CLANG_WARN_NON_LITERAL_NULL_CONVERSION = YES;
				CLANG_WARN_OBJC_IMPLICIT_RETAIN_SELF = YES;
				CLANG_WARN_OBJC_LITERAL_CONVERSION = YES;
				CLANG_WARN_OBJC_ROOT_CLASS = YES_ERROR;
				CLANG_WARN_RANGE_LOOP_ANALYSIS = YES;
				CLANG_WARN_STRICT_PROTOTYPES = YES;
				CLANG_WARN_SUSPICIOUS_MOVE = YES;
				CLANG_WARN_UNGUARDED_AVAILABILITY = YES_AGGRESSIVE;
				CLANG_WARN_UNREACHABLE_CODE = YES;
				CLANG_WARN__DUPLICATE_METHOD_MATCH = YES;
				COPY_PHASE_STRIP = NO;
				DEBUG_INFORMATION_FORMAT = dwarf;
				ENABLE_STRICT_OBJC_MSGSEND = YES;
				ENABLE_TESTABILITY = YES;
				GCC_C_LANGUAGE_STANDARD = gnu11;
				GCC_DYNAMIC_NO_PIC = NO;
				GCC_NO_COMMON_BLOCKS = YES;
				GCC_OPTIMIZATION_LEVEL = 0;
				GCC_PREPROCESSOR_DEFINITIONS = (
					"DEBUG=1",
					"$(inherited)",
				);
				GCC_WARN_64_TO_32_BIT_CONVERSION = YES;
				GCC_WARN_ABOUT_RETURN_TYPE = YES_ERROR;
				GCC_WARN_UNDECLARED_SELECTOR = YES;
				GCC_WARN_UNINITIALIZED_AUTOS = YES_AGGRESSIVE;
				GCC_WARN_UNUSED_FUNCTION = YES;
				GCC_WARN_UNUSED_VARIABLE = YES;
				MACOSX_DEPLOYMENT_TARGET = 10.15;
				MTL_ENABLE_DEBUG_INFO = INCLUDE_SOURCE;
				MTL_FAST_MATH = YES;
				ONLY_ACTIVE_ARCH = YES;
				SDKROOT = macosx;
				SWIFT_ACTIVE_COMPILATION_CONDITIONS = DEBUG;
				SWIFT_OPTIMIZATION_LEVEL = "-Onone";
			};
			name = Debug;
		};
		A2FFEAE9235DF35200B2F9DA /* Release */ = {
			isa = XCBuildConfiguration;
			buildSettings = {
				ALWAYS_SEARCH_USER_PATHS = NO;
				CLANG_ANALYZER_NONNULL = YES;
				CLANG_ANALYZER_NUMBER_OBJECT_CONVERSION = YES_AGGRESSIVE;
				CLANG_CXX_LANGUAGE_STANDARD = "gnu++14";
				CLANG_CXX_LIBRARY = "libc++";
				CLANG_ENABLE_MODULES = YES;
				CLANG_ENABLE_OBJC_ARC = YES;
				CLANG_ENABLE_OBJC_WEAK = YES;
				CLANG_WARN_BLOCK_CAPTURE_AUTORELEASING = YES;
				CLANG_WARN_BOOL_CONVERSION = YES;
				CLANG_WARN_COMMA = YES;
				CLANG_WARN_CONSTANT_CONVERSION = YES;
				CLANG_WARN_DEPRECATED_OBJC_IMPLEMENTATIONS = YES;
				CLANG_WARN_DIRECT_OBJC_ISA_USAGE = YES_ERROR;
				CLANG_WARN_DOCUMENTATION_COMMENTS = YES;
				CLANG_WARN_EMPTY_BODY = YES;
				CLANG_WARN_ENUM_CONVERSION = YES;
				CLANG_WARN_INFINITE_RECURSION = YES;
				CLANG_WARN_INT_CONVERSION = YES;
				CLANG_WARN_NON_LITERAL_NULL_CONVERSION = YES;
				CLANG_WARN_OBJC_IMPLICIT_RETAIN_SELF = YES;
				CLANG_WARN_OBJC_LITERAL_CONVERSION = YES;
				CLANG_WARN_OBJC_ROOT_CLASS = YES_ERROR;
				CLANG_WARN_RANGE_LOOP_ANALYSIS = YES;
				CLANG_WARN_STRICT_PROTOTYPES = YES;
				CLANG_WARN_SUSPICIOUS_MOVE = YES;
				CLANG_WARN_UNGUARDED_AVAILABILITY = YES_AGGRESSIVE;
				CLANG_WARN_UNREACHABLE_CODE = YES;
				CLANG_WARN__DUPLICATE_METHOD_MATCH = YES;
				COPY_PHASE_STRIP = NO;
				DEBUG_INFORMATION_FORMAT = "dwarf-with-dsym";
				ENABLE_NS_ASSERTIONS = NO;
				ENABLE_STRICT_OBJC_MSGSEND = YES;
				GCC_C_LANGUAGE_STANDARD = gnu11;
				GCC_NO_COMMON_BLOCKS = YES;
				GCC_WARN_64_TO_32_BIT_CONVERSION = YES;
				GCC_WARN_ABOUT_RETURN_TYPE = YES_ERROR;
				GCC_WARN_UNDECLARED_SELECTOR = YES;
				GCC_WARN_UNINITIALIZED_AUTOS = YES_AGGRESSIVE;
				GCC_WARN_UNUSED_FUNCTION = YES;
				GCC_WARN_UNUSED_VARIABLE = YES;
				MACOSX_DEPLOYMENT_TARGET = 10.15;
				MTL_ENABLE_DEBUG_INFO = NO;
				MTL_FAST_MATH = YES;
				SDKROOT = macosx;
				SWIFT_COMPILATION_MODE = wholemodule;
				SWIFT_OPTIMIZATION_LEVEL = "-O";
			};
			name = Release;
		};
		A2FFEAEB235DF35200B2F9DA /* Debug */ = {
			isa = XCBuildConfiguration;
			buildSettings = {
				CODE_SIGN_IDENTITY = "-";
				CODE_SIGN_STYLE = Automatic;
				DEVELOPMENT_TEAM = L92549W592;
				ENABLE_HARDENED_RUNTIME = YES;
				PRODUCT_NAME = "$(TARGET_NAME)";
				SWIFT_VERSION = 5.0;
			};
			name = Debug;
		};
		A2FFEAEC235DF35200B2F9DA /* Release */ = {
			isa = XCBuildConfiguration;
			buildSettings = {
				CODE_SIGN_IDENTITY = "-";
				CODE_SIGN_STYLE = Automatic;
				DEVELOPMENT_TEAM = L92549W592;
				ENABLE_HARDENED_RUNTIME = YES;
				PRODUCT_NAME = "$(TARGET_NAME)";
				SWIFT_VERSION = 5.0;
			};
			name = Release;
		};
/* End XCBuildConfiguration section */

/* Begin XCConfigurationList section */
		A2FFEADE235DF35200B2F9DA /* Build configuration list for PBXProject "Projet3" */ = {
			isa = XCConfigurationList;
			buildConfigurations = (
				A2FFEAE8235DF35200B2F9DA /* Debug */,
				A2FFEAE9235DF35200B2F9DA /* Release */,
			);
			defaultConfigurationIsVisible = 0;
			defaultConfigurationName = Release;
		};
		A2FFEAEA235DF35200B2F9DA /* Build configuration list for PBXNativeTarget "Projet3" */ = {
			isa = XCConfigurationList;
			buildConfigurations = (
				A2FFEAEB235DF35200B2F9DA /* Debug */,
				A2FFEAEC235DF35200B2F9DA /* Release */,
			);
			defaultConfigurationIsVisible = 0;
			defaultConfigurationName = Release;
		};
/* End XCConfigurationList section */
	};
	rootObject = A2FFEADB235DF35200B2F9DA /* Project object */;
}
